
Microsoft Visual Studio Solution File, Format Version 12.00
# Visual Studio Version 16
VisualStudioVersion = 16.0.31613.86
MinimumVisualStudioVersion = 10.0.40219.1
Project("{FAE04EC0-301F-11D3-BF4B-00C04F79EFBC}") = "CapaNegocio", "CapaNegocio\CapaNegocio.csproj", "{F27A6B30-2A37-436A-BD3C-86B8C6F332A0}"
EndProject
Project("{FAE04EC0-301F-11D3-BF4B-00C04F79EFBC}") = "CapaPresentacion", "CapaPresentacion\CapaPresentacion.csproj", "{62A7BFD4-5B26-473B-B934-F33B4927A1F6}"
EndProject
Global
	GlobalSection(SolutionConfigurationPlatforms) = preSolution
		Debug|Any CPU = Debug|Any CPU
		Release|Any CPU = Release|Any CPU
	EndGlobalSection
	GlobalSection(ProjectConfigurationPlatforms) = postSolution
		{F27A6B30-2A37-436A-BD3C-86B8C6F332A0}.Debug|Any CPU.ActiveCfg = Debug|Any CPU
		{F27A6B30-2A37-436A-BD3C-86B8C6F332A0}.Debug|Any CPU.Build.0 = Debug|Any CPU
		{F27A6B30-2A37-436A-BD3C-86B8C6F332A0}.Release|Any CPU.ActiveCfg = Release|Any CPU
		{F27A6B30-2A37-436A-BD3C-86B8C6F332A0}.Release|Any CPU.Build.0 = Release|Any CPU
		{62A7BFD4-5B26-473B-B934-F33B4927A1F6}.Debug|Any CPU.ActiveCfg = Debug|Any CPU
		{62A7BFD4-5B26-473B-B934-F33B4927A1F6}.Debug|Any CPU.Build.0 = Debug|Any CPU
		{62A7BFD4-5B26-473B-B934-F33B4927A1F6}.Release|Any CPU.ActiveCfg = Release|Any CPU
		{62A7BFD4-5B26-473B-B934-F33B4927A1F6}.Release|Any CPU.Build.0 = Release|Any CPU
	EndGlobalSection
	GlobalSection(SolutionProperties) = preSolution
		HideSolutionNode = FALSE
	EndGlobalSection
	GlobalSection(ExtensibilityGlobals) = postSolution
		SolutionGuid = {991714EE-7192-421F-A94A-CB2E6E7176D0}
	EndGlobalSection
EndGlobal
